
Microsoft Visual Studio Solution File, Format Version 12.00
# Visual Studio Version 17
VisualStudioVersion = 17.4.33205.214
MinimumVisualStudioVersion = 10.0.40219.1
Project("{FAE04EC0-301F-11D3-BF4B-00C04F79EFBC}") = "ASP.NET Lesson 2", "ASP.NET Lesson 2\ASP.NET Lesson 2.csproj", "{BAEEB4BD-B3BC-422E-80CF-ECDA18B25324}"
EndProject
Global
	GlobalSection(SolutionConfigurationPlatforms) = preSolution
		Debug|Any CPU = Debug|Any CPU
		Release|Any CPU = Release|Any CPU
	EndGlobalSection
	GlobalSection(ProjectConfigurationPlatforms) = postSolution
		{BAEEB4BD-B3BC-422E-80CF-ECDA18B25324}.Debug|Any CPU.ActiveCfg = Debug|Any CPU
		{BAEEB4BD-B3BC-422E-80CF-ECDA18B25324}.Debug|Any CPU.Build.0 = Debug|Any CPU
		{BAEEB4BD-B3BC-422E-80CF-ECDA18B25324}.Release|Any CPU.ActiveCfg = Release|Any CPU
		{BAEEB4BD-B3BC-422E-80CF-ECDA18B25324}.Release|Any CPU.Build.0 = Release|Any CPU
	EndGlobalSection
	GlobalSection(SolutionProperties) = preSolution
		HideSolutionNode = FALSE
	EndGlobalSection
	GlobalSection(ExtensibilityGlobals) = postSolution
		SolutionGuid = {39E529FB-13C9-4D37-8557-02918D027CA6}
	EndGlobalSection
EndGlobal
